
Microsoft Visual Studio Solution File, Format Version 12.00
# Visual Studio Version 16
VisualStudioVersion = 16.0.29613.14
MinimumVisualStudioVersion = 10.0.40219.1
Project("{FAE04EC0-301F-11D3-BF4B-00C04F79EFBC}") = "ExecStatusAPI", "ExecStatusAPI.csproj", "{53645D1A-23C3-4276-B6D7-DAAFD5F9552F}"
EndProject
Global
	GlobalSection(SolutionConfigurationPlatforms) = preSolution
		Debug|Any CPU = Debug|Any CPU
		Release|Any CPU = Release|Any CPU
	EndGlobalSection
	GlobalSection(ProjectConfigurationPlatforms) = postSolution
		{53645D1A-23C3-4276-B6D7-DAAFD5F9552F}.Debug|Any CPU.ActiveCfg = Debug|Any CPU
		{53645D1A-23C3-4276-B6D7-DAAFD5F9552F}.Debug|Any CPU.Build.0 = Debug|Any CPU
		{53645D1A-23C3-4276-B6D7-DAAFD5F9552F}.Release|Any CPU.ActiveCfg = Release|Any CPU
		{53645D1A-23C3-4276-B6D7-DAAFD5F9552F}.Release|Any CPU.Build.0 = Release|Any CPU
	EndGlobalSection
	GlobalSection(SolutionProperties) = preSolution
		HideSolutionNode = FALSE
	EndGlobalSection
	GlobalSection(ExtensibilityGlobals) = postSolution
		SolutionGuid = {B644550A-B2AC-4D13-B35F-11FC87E68FA7}
	EndGlobalSection
EndGlobal
